{
  "requires": true,
  "lockfileVersion": 1,
  "dependencies": {
    "esbuild": {
      "version": "0.8.7",
      "resolved": "https://registry.npmjs.org/esbuild/-/esbuild-0.8.7.tgz",
      "integrity": "sha512-3PRWDk6Jb6uGEljeEPaR3RHdMTCMkzTpHbM+L0EhG/ohpIgFQvLXcB+nLRwy6N3/kt6kfIoxYQpq2mgd57dj6Q=="
    }
  }
}
